
Microsoft Visual Studio Solution File, Format Version 12.00
# Visual Studio 15
VisualStudioVersion = 15.0.28307.106
MinimumVisualStudioVersion = 10.0.40219.1
Project("{FAE04EC0-301F-11D3-BF4B-00C04F79EFBC}") = "Aprila.Technical.Web", "Aprila.Technical.Web\Aprila.Technical.Web.csproj", "{8425FE4B-CFAD-47FB-998A-A72F3A1C4F84}"
EndProject
Global
	GlobalSection(SolutionConfigurationPlatforms) = preSolution
		Debug|Any CPU = Debug|Any CPU
		Release|Any CPU = Release|Any CPU
	EndGlobalSection
	GlobalSection(ProjectConfigurationPlatforms) = postSolution
		{8425FE4B-CFAD-47FB-998A-A72F3A1C4F84}.Debug|Any CPU.ActiveCfg = Debug|Any CPU
		{8425FE4B-CFAD-47FB-998A-A72F3A1C4F84}.Debug|Any CPU.Build.0 = Debug|Any CPU
		{8425FE4B-CFAD-47FB-998A-A72F3A1C4F84}.Release|Any CPU.ActiveCfg = Release|Any CPU
		{8425FE4B-CFAD-47FB-998A-A72F3A1C4F84}.Release|Any CPU.Build.0 = Release|Any CPU
	EndGlobalSection
	GlobalSection(SolutionProperties) = preSolution
		HideSolutionNode = FALSE
	EndGlobalSection
	GlobalSection(ExtensibilityGlobals) = postSolution
		SolutionGuid = {250202AD-EE93-4823-AED0-BC048EB198E3}
	EndGlobalSection
EndGlobal
